
Microsoft Visual Studio Solution File, Format Version 12.00
# Visual Studio Version 17
VisualStudioVersion = 17.8.34322.80
MinimumVisualStudioVersion = 10.0.40219.1
Project("{9A19103F-16F7-4668-BE54-9A1E7A4F7556}") = "day_1_part_1", "day_1_part_1\day_1_part_1.csproj", "{A4FBD4E5-4A23-476A-80F9-5353232C271F}"
EndProject
Project("{9A19103F-16F7-4668-BE54-9A1E7A4F7556}") = "day_1_part_2", "day_1_part_2\day_1_part_2.csproj", "{7954AFCC-7B78-4818-94B4-F628830DDA0D}"
EndProject
Project("{FAE04EC0-301F-11D3-BF4B-00C04F79EFBC}") = "day_2_part_1", "day_2_part_1\day_2_part_1.csproj", "{D3C78829-D7CC-4EB2-B989-39354D0AE6BA}"
EndProject
Project("{FAE04EC0-301F-11D3-BF4B-00C04F79EFBC}") = "day_2_part_2", "day_2_part_2\day_2_part_2.csproj", "{696C526E-1B3B-45CE-8AF5-7B132B1E69BE}"
EndProject
Global
	GlobalSection(SolutionConfigurationPlatforms) = preSolution
		Debug|Any CPU = Debug|Any CPU
		Release|Any CPU = Release|Any CPU
	EndGlobalSection
	GlobalSection(ProjectConfigurationPlatforms) = postSolution
		{A4FBD4E5-4A23-476A-80F9-5353232C271F}.Debug|Any CPU.ActiveCfg = Debug|Any CPU
		{A4FBD4E5-4A23-476A-80F9-5353232C271F}.Debug|Any CPU.Build.0 = Debug|Any CPU
		{A4FBD4E5-4A23-476A-80F9-5353232C271F}.Release|Any CPU.ActiveCfg = Release|Any CPU
		{A4FBD4E5-4A23-476A-80F9-5353232C271F}.Release|Any CPU.Build.0 = Release|Any CPU
		{7954AFCC-7B78-4818-94B4-F628830DDA0D}.Debug|Any CPU.ActiveCfg = Debug|Any CPU
		{7954AFCC-7B78-4818-94B4-F628830DDA0D}.Debug|Any CPU.Build.0 = Debug|Any CPU
		{7954AFCC-7B78-4818-94B4-F628830DDA0D}.Release|Any CPU.ActiveCfg = Release|Any CPU
		{7954AFCC-7B78-4818-94B4-F628830DDA0D}.Release|Any CPU.Build.0 = Release|Any CPU
		{D3C78829-D7CC-4EB2-B989-39354D0AE6BA}.Debug|Any CPU.ActiveCfg = Debug|Any CPU
		{D3C78829-D7CC-4EB2-B989-39354D0AE6BA}.Debug|Any CPU.Build.0 = Debug|Any CPU
		{D3C78829-D7CC-4EB2-B989-39354D0AE6BA}.Release|Any CPU.ActiveCfg = Release|Any CPU
		{D3C78829-D7CC-4EB2-B989-39354D0AE6BA}.Release|Any CPU.Build.0 = Release|Any CPU
		{696C526E-1B3B-45CE-8AF5-7B132B1E69BE}.Debug|Any CPU.ActiveCfg = Debug|Any CPU
		{696C526E-1B3B-45CE-8AF5-7B132B1E69BE}.Debug|Any CPU.Build.0 = Debug|Any CPU
		{696C526E-1B3B-45CE-8AF5-7B132B1E69BE}.Release|Any CPU.ActiveCfg = Release|Any CPU
		{696C526E-1B3B-45CE-8AF5-7B132B1E69BE}.Release|Any CPU.Build.0 = Release|Any CPU
	EndGlobalSection
	GlobalSection(SolutionProperties) = preSolution
		HideSolutionNode = FALSE
	EndGlobalSection
	GlobalSection(ExtensibilityGlobals) = postSolution
		SolutionGuid = {A4D8AF89-F8E4-44D3-960E-517D4DC38A02}
	EndGlobalSection
EndGlobal
